
Microsoft Visual Studio Solution File, Format Version 12.00
# Visual Studio Version 17
VisualStudioVersion = 17.3.32922.545
MinimumVisualStudioVersion = 10.0.40219.1
Project("{FAE04EC0-301F-11D3-BF4B-00C04F79EFBC}") = "LatihanPert5Overloading", "LatihanPert5Overloading\LatihanPert5Overloading.csproj", "{80FF660E-AF17-48B9-B385-A879FB60800A}"
EndProject
Global
	GlobalSection(SolutionConfigurationPlatforms) = preSolution
		Debug|Any CPU = Debug|Any CPU
		Release|Any CPU = Release|Any CPU
	EndGlobalSection
	GlobalSection(ProjectConfigurationPlatforms) = postSolution
		{80FF660E-AF17-48B9-B385-A879FB60800A}.Debug|Any CPU.ActiveCfg = Debug|Any CPU
		{80FF660E-AF17-48B9-B385-A879FB60800A}.Debug|Any CPU.Build.0 = Debug|Any CPU
		{80FF660E-AF17-48B9-B385-A879FB60800A}.Release|Any CPU.ActiveCfg = Release|Any CPU
		{80FF660E-AF17-48B9-B385-A879FB60800A}.Release|Any CPU.Build.0 = Release|Any CPU
	EndGlobalSection
	GlobalSection(SolutionProperties) = preSolution
		HideSolutionNode = FALSE
	EndGlobalSection
	GlobalSection(ExtensibilityGlobals) = postSolution
		SolutionGuid = {EA07843A-ABBC-4857-BAE1-738F9070EFCA}
	EndGlobalSection
EndGlobal
